// !$*UTF8*$!
{
	archiveVersion = 1;
	classes = {
	};
	objectVersion = 46;
	objects = {

/* Begin PBXBuildFile section */
		C03CEDA01ECB56D0009D9C02 /* main.c in Sources */ = {isa = PBXBuildFile; fileRef = C03CED9F1ECB56D0009D9C02 /* main.c */; };
		C03CEDA71ECB5E7F009D9C02 /* var.c in Sources */ = {isa = PBXBuildFile; fileRef = C03CEDA61ECB5E7F009D9C02 /* var.c */; };
		C05BBAB71ED3498900650D6E /* main.c in Sources */ = {isa = PBXBuildFile; fileRef = C05BBAB61ED3498900650D6E /* main.c */; };
		C0C122B41ECF4E6E00CBEADB /* loop.c in Sources */ = {isa = PBXBuildFile; fileRef = C0C122B31ECF4E6E00CBEADB /* loop.c */; };
/* End PBXBuildFile section */

/* Begin PBXCopyFilesBuildPhase section */
		C03CED9A1ECB56D0009D9C02 /* CopyFiles */ = {
			isa = PBXCopyFilesBuildPhase;
			buildActionMask = 2147483647;
			dstPath = /usr/share/man/man1/;
			dstSubfolderSpec = 0;
			files = (
			);
			runOnlyForDeploymentPostprocessing = 1;
		};
		C05BBAB21ED3498900650D6E /* CopyFiles */ = {
			isa = PBXCopyFilesBuildPhase;
			buildActionMask = 2147483647;
			dstPath = /usr/share/man/man1/;
			dstSubfolderSpec = 0;
			files = (
			);
			runOnlyForDeploymentPostprocessing = 1;
		};
/* End PBXCopyFilesBuildPhase section */

/* Begin PBXFileReference section */
		C03CED9C1ECB56D0009D9C02 /* C-Intro */ = {isa = PBXFileReference; explicitFileType = "compiled.mach-o.executable"; includeInIndex = 0; path = "C-Intro"; sourceTree = BUILT_PRODUCTS_DIR; };
		C03CED9F1ECB56D0009D9C02 /* main.c */ = {isa = PBXFileReference; lastKnownFileType = sourcecode.c.c; path = main.c; sourceTree = "<group>"; };
		C03CEDA61ECB5E7F009D9C02 /* var.c */ = {isa = PBXFileReference; fileEncoding = 4; lastKnownFileType = sourcecode.c.c; path = var.c; sourceTree = "<group>"; };
		C05BBAB41ED3498900650D6E /* FirstTutorials */ = {isa = PBXFileReference; explicitFileType = "compiled.mach-o.executable"; includeInIndex = 0; path = FirstTutorials; sourceTree = BUILT_PRODUCTS_DIR; };
		C05BBAB61ED3498900650D6E /* main.c */ = {isa = PBXFileReference; lastKnownFileType = sourcecode.c.c; path = main.c; sourceTree = "<group>"; };
		C05BBABB1ED34B9900650D6E /* loop_header.h */ = {isa = PBXFileReference; fileEncoding = 4; lastKnownFileType = sourcecode.c.h; path = loop_header.h; sourceTree = "<group>"; };
		C05BBABC1ED34BC400650D6E /* var_header.h */ = {isa = PBXFileReference; lastKnownFileType = sourcecode.c.h; path = var_header.h; sourceTree = "<group>"; };
		C0C122B31ECF4E6E00CBEADB /* loop.c */ = {isa = PBXFileReference; fileEncoding = 4; lastKnownFileType = sourcecode.c.c; path = loop.c; sourceTree = "<group>"; };
/* End PBXFileReference section */

/* Begin PBXFrameworksBuildPhase section */
		C03CED991ECB56D0009D9C02 /* Frameworks */ = {
			isa = PBXFrameworksBuildPhase;
			buildActionMask = 2147483647;
			files = (
			);
			runOnlyForDeploymentPostprocessing = 0;
		};
		C05BBAB11ED3498900650D6E /* Frameworks */ = {
			isa = PBXFrameworksBuildPhase;
			buildActionMask = 2147483647;
			files = (
			);
			runOnlyForDeploymentPostprocessing = 0;
		};
/* End PBXFrameworksBuildPhase section */

/* Begin PBXGroup section */
		C03CED931ECB56D0009D9C02 = {
			isa = PBXGroup;
			children = (
				C03CED9E1ECB56D0009D9C02 /* C-Intro */,
				C05BBAB51ED3498900650D6E /* FirstTutorials */,
				C03CED9D1ECB56D0009D9C02 /* Products */,
			);
			sourceTree = "<group>";
		};
		C03CED9D1ECB56D0009D9C02 /* Products */ = {
			isa = PBXGroup;
			children = (
				C03CED9C1ECB56D0009D9C02 /* C-Intro */,
				C05BBAB41ED3498900650D6E /* FirstTutorials */,
			);
			name = Products;
			sourceTree = "<group>";
		};
		C03CED9E1ECB56D0009D9C02 /* C-Intro */ = {
			isa = PBXGroup;
			children = (
				C03CED9F1ECB56D0009D9C02 /* main.c */,
				C0C122B31ECF4E6E00CBEADB /* loop.c */,
				C05BBABB1ED34B9900650D6E /* loop_header.h */,
				C03CEDA61ECB5E7F009D9C02 /* var.c */,
				C05BBABC1ED34BC400650D6E /* var_header.h */,
			);
			path = "C-Intro";
			sourceTree = "<group>";
		};
		C05BBAB51ED3498900650D6E /* FirstTutorials */ = {
			isa = PBXGroup;
			children = (
				C05BBAB61ED3498900650D6E /* main.c */,
			);
			path = FirstTutorials;
			sourceTree = "<group>";
		};
/* End PBXGroup section */

/* Begin PBXNativeTarget section */
		C03CED9B1ECB56D0009D9C02 /* C-Intro */ = {
			isa = PBXNativeTarget;
			buildConfigurationList = C03CEDA31ECB56D0009D9C02 /* Build configuration list for PBXNativeTarget "C-Intro" */;
			buildPhases = (
				C03CED981ECB56D0009D9C02 /* Sources */,
				C03CED991ECB56D0009D9C02 /* Frameworks */,
				C03CED9A1ECB56D0009D9C02 /* CopyFiles */,
			);
			buildRules = (
			);
			dependencies = (
			);
			name = "C-Intro";
			productName = "C-Intro";
			productReference = C03CED9C1ECB56D0009D9C02 /* C-Intro */;
			productType = "com.apple.product-type.tool";
		};
		C05BBAB31ED3498900650D6E /* FirstTutorials */ = {
			isa = PBXNativeTarget;
			buildConfigurationList = C05BBABA1ED3498900650D6E /* Build configuration list for PBXNativeTarget "FirstTutorials" */;
			buildPhases = (
				C05BBAB01ED3498900650D6E /* Sources */,
				C05BBAB11ED3498900650D6E /* Frameworks */,
				C05BBAB21ED3498900650D6E /* CopyFiles */,
			);
			buildRules = (
			);
			dependencies = (
			);
			name = FirstTutorials;
			productName = FirstTutorials;
			productReference = C05BBAB41ED3498900650D6E /* FirstTutorials */;
			productType = "com.apple.product-type.tool";
		};
/* End PBXNativeTarget section */

/* Begin PBXProject section */
		C03CED941ECB56D0009D9C02 /* Project object */ = {
			isa = PBXProject;
			attributes = {
				LastUpgradeCheck = 0710;
				ORGANIZATIONNAME = "Keegan Jebb";
				TargetAttributes = {
					C03CED9B1ECB56D0009D9C02 = {
						CreatedOnToolsVersion = 7.1.1;
					};
					C05BBAB31ED3498900650D6E = {
						CreatedOnToolsVersion = 7.1.1;
					};
				};
			};
			buildConfigurationList = C03CED971ECB56D0009D9C02 /* Build configuration list for PBXProject "C-Intro" */;
			compatibilityVersion = "Xcode 3.2";
			developmentRegion = English;
			hasScannedForEncodings = 0;
			knownRegions = (
				en,
			);
			mainGroup = C03CED931ECB56D0009D9C02;
			productRefGroup = C03CED9D1ECB56D0009D9C02 /* Products */;
			projectDirPath = "";
			projectRoot = "";
			targets = (
				C03CED9B1ECB56D0009D9C02 /* C-Intro */,
				C05BBAB31ED3498900650D6E /* FirstTutorials */,
			);
		};
/* End PBXProject section */

/* Begin PBXSourcesBuildPhase section */
		C03CED981ECB56D0009D9C02 /* Sources */ = {
			isa = PBXSourcesBuildPhase;
			buildActionMask = 2147483647;
			files = (
				C0C122B41ECF4E6E00CBEADB /* loop.c in Sources */,
				C03CEDA01ECB56D0009D9C02 /* main.c in Sources */,
				C03CEDA71ECB5E7F009D9C02 /* var.c in Sources */,
			);
			runOnlyForDeploymentPostprocessing = 0;
		};
		C05BBAB01ED3498900650D6E /* Sources */ = {
			isa = PBXSourcesBuildPhase;
			buildActionMask = 2147483647;
			files = (
				C05BBAB71ED3498900650D6E /* main.c in Sources */,
			);
			runOnlyForDeploymentPostprocessing = 0;
		};
/* End PBXSourcesBuildPhase section */

/* Begin XCBuildConfiguration section */
		C03CEDA11ECB56D0009D9C02 /* Debug */ = {
			isa = XCBuildConfiguration;
			buildSettings = {
				ALWAYS_SEARCH_USER_PATHS = NO;
				CLANG_CXX_LANGUAGE_STANDARD = "gnu++0x";
				CLANG_CXX_LIBRARY = "libc++";
				CLANG_ENABLE_MODULES = YES;
				CLANG_ENABLE_OBJC_ARC = YES;
				CLANG_WARN_BOOL_CONVERSION = YES;
				CLANG_WARN_CONSTANT_CONVERSION = YES;
				CLANG_WARN_DIRECT_OBJC_ISA_USAGE = YES_ERROR;
				CLANG_WARN_EMPTY_BODY = YES;
				CLANG_WARN_ENUM_CONVERSION = YES;
				CLANG_WARN_INT_CONVERSION = YES;
				CLANG_WARN_OBJC_ROOT_CLASS = YES_ERROR;
				CLANG_WARN_UNREACHABLE_CODE = YES;
				CLANG_WARN__DUPLICATE_METHOD_MATCH = YES;
				CODE_SIGN_IDENTITY = "-";
				COPY_PHASE_STRIP = NO;
				DEBUG_INFORMATION_FORMAT = dwarf;
				ENABLE_STRICT_OBJC_MSGSEND = YES;
				ENABLE_TESTABILITY = YES;
				GCC_C_LANGUAGE_STANDARD = gnu99;
				GCC_DYNAMIC_NO_PIC = NO;
				GCC_NO_COMMON_BLOCKS = YES;
				GCC_OPTIMIZATION_LEVEL = 0;
				GCC_PREPROCESSOR_DEFINITIONS = (
					"DEBUG=1",
					"$(inherited)",
				);
				GCC_WARN_64_TO_32_BIT_CONVERSION = YES;
				GCC_WARN_ABOUT_RETURN_TYPE = YES_ERROR;
				GCC_WARN_UNDECLARED_SELECTOR = YES;
				GCC_WARN_UNINITIALIZED_AUTOS = YES_AGGRESSIVE;
				GCC_WARN_UNUSED_FUNCTION = YES;
				GCC_WARN_UNUSED_VARIABLE = YES;
				MACOSX_DEPLOYMENT_TARGET = 10.10;
				MTL_ENABLE_DEBUG_INFO = YES;
				ONLY_ACTIVE_ARCH = YES;
				SDKROOT = macosx;
			};
			name = Debug;
		};
		C03CEDA21ECB56D0009D9C02 /* Release */ = {
			isa = XCBuildConfiguration;
			buildSettings = {
				ALWAYS_SEARCH_USER_PATHS = NO;
				CLANG_CXX_LANGUAGE_STANDARD = "gnu++0x";
				CLANG_CXX_LIBRARY = "libc++";
				CLANG_ENABLE_MODULES = YES;
				CLANG_ENABLE_OBJC_ARC = YES;
				CLANG_WARN_BOOL_CONVERSION = YES;
				CLANG_WARN_CONSTANT_CONVERSION = YES;
				CLANG_WARN_DIRECT_OBJC_ISA_USAGE = YES_ERROR;
				CLANG_WARN_EMPTY_BODY = YES;
				CLANG_WARN_ENUM_CONVERSION = YES;
				CLANG_WARN_INT_CONVERSION = YES;
				CLANG_WARN_OBJC_ROOT_CLASS = YES_ERROR;
				CLANG_WARN_UNREACHABLE_CODE = YES;
				CLANG_WARN__DUPLICATE_METHOD_MATCH = YES;
				CODE_SIGN_IDENTITY = "-";
				COPY_PHASE_STRIP = NO;
				DEBUG_INFORMATION_FORMAT = "dwarf-with-dsym";
				ENABLE_NS_ASSERTIONS = NO;
				ENABLE_STRICT_OBJC_MSGSEND = YES;
				GCC_C_LANGUAGE_STANDARD = gnu99;
				GCC_NO_COMMON_BLOCKS = YES;
				GCC_WARN_64_TO_32_BIT_CONVERSION = YES;
				GCC_WARN_ABOUT_RETURN_TYPE = YES_ERROR;
				GCC_WARN_UNDECLARED_SELECTOR = YES;
				GCC_WARN_UNINITIALIZED_AUTOS = YES_AGGRESSIVE;
				GCC_WARN_UNUSED_FUNCTION = YES;
				GCC_WARN_UNUSED_VARIABLE = YES;
				MACOSX_DEPLOYMENT_TARGET = 10.10;
				MTL_ENABLE_DEBUG_INFO = NO;
				SDKROOT = macosx;
			};
			name = Release;
		};
		C03CEDA41ECB56D0009D9C02 /* Debug */ = {
			isa = XCBuildConfiguration;
			buildSettings = {
				PRODUCT_NAME = "$(TARGET_NAME)";
			};
			name = Debug;
		};
		C03CEDA51ECB56D0009D9C02 /* Release */ = {
			isa = XCBuildConfiguration;
			buildSettings = {
				PRODUCT_NAME = "$(TARGET_NAME)";
			};
			name = Release;
		};
		C05BBAB81ED3498900650D6E /* Debug */ = {
			isa = XCBuildConfiguration;
			buildSettings = {
				PRODUCT_NAME = "$(TARGET_NAME)";
			};
			name = Debug;
		};
		C05BBAB91ED3498900650D6E /* Release */ = {
			isa = XCBuildConfiguration;
			buildSettings = {
				PRODUCT_NAME = "$(TARGET_NAME)";
			};
			name = Release;
		};
/* End XCBuildConfiguration section */

/* Begin XCConfigurationList section */
		C03CED971ECB56D0009D9C02 /* Build configuration list for PBXProject "C-Intro" */ = {
			isa = XCConfigurationList;
			buildConfigurations = (
				C03CEDA11ECB56D0009D9C02 /* Debug */,
				C03CEDA21ECB56D0009D9C02 /* Release */,
			);
			defaultConfigurationIsVisible = 0;
			defaultConfigurationName = Release;
		};
		C03CEDA31ECB56D0009D9C02 /* Build configuration list for PBXNativeTarget "C-Intro" */ = {
			isa = XCConfigurationList;
			buildConfigurations = (
				C03CEDA41ECB56D0009D9C02 /* Debug */,
				C03CEDA51ECB56D0009D9C02 /* Release */,
			);
			defaultConfigurationIsVisible = 0;
			defaultConfigurationName = Release;
		};
		C05BBABA1ED3498900650D6E /* Build configuration list for PBXNativeTarget "FirstTutorials" */ = {
			isa = XCConfigurationList;
			buildConfigurations = (
				C05BBAB81ED3498900650D6E /* Debug */,
				C05BBAB91ED3498900650D6E /* Release */,
			);
			defaultConfigurationIsVisible = 0;
		};
/* End XCConfigurationList section */
	};
	rootObject = C03CED941ECB56D0009D9C02 /* Project object */;
}
